
Microsoft Visual Studio Solution File, Format Version 12.00
# Visual Studio Version 16
VisualStudioVersion = 16.0.29920.165
MinimumVisualStudioVersion = 10.0.40219.1
Project("{FAE04EC0-301F-11D3-BF4B-00C04F79EFBC}") = "HighScore", "HighScore\HighScore.csproj", "{BE63EC6F-FA77-4C5B-B79A-C94FC697E2EB}"
EndProject
Global
	GlobalSection(SolutionConfigurationPlatforms) = preSolution
		Debug|Any CPU = Debug|Any CPU
		Release|Any CPU = Release|Any CPU
	EndGlobalSection
	GlobalSection(ProjectConfigurationPlatforms) = postSolution
		{BE63EC6F-FA77-4C5B-B79A-C94FC697E2EB}.Debug|Any CPU.ActiveCfg = Debug|Any CPU
		{BE63EC6F-FA77-4C5B-B79A-C94FC697E2EB}.Debug|Any CPU.Build.0 = Debug|Any CPU
		{BE63EC6F-FA77-4C5B-B79A-C94FC697E2EB}.Release|Any CPU.ActiveCfg = Release|Any CPU
		{BE63EC6F-FA77-4C5B-B79A-C94FC697E2EB}.Release|Any CPU.Build.0 = Release|Any CPU
	EndGlobalSection
	GlobalSection(SolutionProperties) = preSolution
		HideSolutionNode = FALSE
	EndGlobalSection
	GlobalSection(ExtensibilityGlobals) = postSolution
		SolutionGuid = {0EEEA259-8F77-4575-A0C5-575195D6D53A}
	EndGlobalSection
EndGlobal
